
Microsoft Visual Studio Solution File, Format Version 12.00
# Visual Studio 14
VisualStudioVersion = 14.0.25420.1
MinimumVisualStudioVersion = 10.0.40219.1
Project("{FAE04EC0-301F-11D3-BF4B-00C04F79EFBC}") = "CountedLabel", "CountedLabel\CountedLabel\CountedLabel.csproj", "{F39C9F6B-043A-4EAE-8397-ACCBC1A927D3}"
EndProject
Project("{FAE04EC0-301F-11D3-BF4B-00C04F79EFBC}") = "CountedLabel.Droid", "CountedLabel\CountedLabel.Droid\CountedLabel.Droid.csproj", "{958D1D9E-F3EB-473C-B206-C41DBE77F1B3}"
EndProject
Project("{FAE04EC0-301F-11D3-BF4B-00C04F79EFBC}") = "CountedLabel.iOS", "CountedLabel\CountedLabel.iOS\CountedLabel.iOS.csproj", "{AF8D5521-AD1C-4B00-A8D0-6407573E8501}"
EndProject
Project("{FAE04EC0-301F-11D3-BF4B-00C04F79EFBC}") = "CountedLabel.WinPhone", "CountedLabel\CountedLabel.WinPhone\CountedLabel.WinPhone.csproj", "{E19FEE71-F65C-47AB-8937-0C1FE215AB10}"
EndProject
Project("{FAE04EC0-301F-11D3-BF4B-00C04F79EFBC}") = "CountedLabel.UWP", "CountedLabel\CountedLabel.UWP\CountedLabel.UWP.csproj", "{3A317665-43AD-4957-838D-27BCB5E53305}"
EndProject
Project("{FAE04EC0-301F-11D3-BF4B-00C04F79EFBC}") = "CountedLabel.Windows", "CountedLabel\CountedLabel.Windows\CountedLabel.Windows.csproj", "{71CB6B91-CDF7-4A40-B1A0-502FF58C388B}"
EndProject
Project("{FAE04EC0-301F-11D3-BF4B-00C04F79EFBC}") = "Toolkit", "Toolkit\Toolkit.csproj", "{67F9D3A8-F71E-4428-913F-C37AE82CDB24}"
EndProject
Global
	GlobalSection(SolutionConfigurationPlatforms) = preSolution
		Ad-Hoc|Any CPU = Ad-Hoc|Any CPU
		Ad-Hoc|ARM = Ad-Hoc|ARM
		Ad-Hoc|iPhone = Ad-Hoc|iPhone
		Ad-Hoc|iPhoneSimulator = Ad-Hoc|iPhoneSimulator
		Ad-Hoc|x64 = Ad-Hoc|x64
		Ad-Hoc|x86 = Ad-Hoc|x86
		AppStore|Any CPU = AppStore|Any CPU
		AppStore|ARM = AppStore|ARM
		AppStore|iPhone = AppStore|iPhone
		AppStore|iPhoneSimulator = AppStore|iPhoneSimulator
		AppStore|x64 = AppStore|x64
		AppStore|x86 = AppStore|x86
		Debug|Any CPU = Debug|Any CPU
		Debug|ARM = Debug|ARM
		Debug|iPhone = Debug|iPhone
		Debug|iPhoneSimulator = Debug|iPhoneSimulator
		Debug|x64 = Debug|x64
		Debug|x86 = Debug|x86
		Release|Any CPU = Release|Any CPU
		Release|ARM = Release|ARM
		Release|iPhone = Release|iPhone
		Release|iPhoneSimulator = Release|iPhoneSimulator
		Release|x64 = Release|x64
		Release|x86 = Release|x86
	EndGlobalSection
	GlobalSection(ProjectConfigurationPlatforms) = postSolution
		{F39C9F6B-043A-4EAE-8397-ACCBC1A927D3}.Ad-Hoc|Any CPU.ActiveCfg = Release|Any CPU
		{F39C9F6B-043A-4EAE-8397-ACCBC1A927D3}.Ad-Hoc|Any CPU.Build.0 = Release|Any CPU
		{F39C9F6B-043A-4EAE-8397-ACCBC1A927D3}.Ad-Hoc|ARM.ActiveCfg = Release|Any CPU
		{F39C9F6B-043A-4EAE-8397-ACCBC1A927D3}.Ad-Hoc|ARM.Build.0 = Release|Any CPU
		{F39C9F6B-043A-4EAE-8397-ACCBC1A927D3}.Ad-Hoc|iPhone.ActiveCfg = Release|Any CPU
		{F39C9F6B-043A-4EAE-8397-ACCBC1A927D3}.Ad-Hoc|iPhone.Build.0 = Release|Any CPU
		{F39C9F6B-043A-4EAE-8397-ACCBC1A927D3}.Ad-Hoc|iPhoneSimulator.ActiveCfg = Release|Any CPU
		{F39C9F6B-043A-4EAE-8397-ACCBC1A927D3}.Ad-Hoc|iPhoneSimulator.Build.0 = Release|Any CPU
		{F39C9F6B-043A-4EAE-8397-ACCBC1A927D3}.Ad-Hoc|x64.ActiveCfg = Release|Any CPU
		{F39C9F6B-043A-4EAE-8397-ACCBC1A927D3}.Ad-Hoc|x64.Build.0 = Release|Any CPU
		{F39C9F6B-043A-4EAE-8397-ACCBC1A927D3}.Ad-Hoc|x86.ActiveCfg = Release|Any CPU
		{F39C9F6B-043A-4EAE-8397-ACCBC1A927D3}.Ad-Hoc|x86.Build.0 = Release|Any CPU
		{F39C9F6B-043A-4EAE-8397-ACCBC1A927D3}.AppStore|Any CPU.ActiveCfg = Release|Any CPU
		{F39C9F6B-043A-4EAE-8397-ACCBC1A927D3}.AppStore|Any CPU.Build.0 = Release|Any CPU
		{F39C9F6B-043A-4EAE-8397-ACCBC1A927D3}.AppStore|ARM.ActiveCfg = Release|Any CPU
		{F39C9F6B-043A-4EAE-8397-ACCBC1A927D3}.AppStore|ARM.Build.0 = Release|Any CPU
		{F39C9F6B-043A-4EAE-8397-ACCBC1A927D3}.AppStore|iPhone.ActiveCfg = Release|Any CPU
		{F39C9F6B-043A-4EAE-8397-ACCBC1A927D3}.AppStore|iPhone.Build.0 = Release|Any CPU
		{F39C9F6B-043A-4EAE-8397-ACCBC1A927D3}.AppStore|iPhoneSimulator.ActiveCfg = Release|Any CPU
		{F39C9F6B-043A-4EAE-8397-ACCBC1A927D3}.AppStore|iPhoneSimulator.Build.0 = Release|Any CPU
		{F39C9F6B-043A-4EAE-8397-ACCBC1A927D3}.AppStore|x64.ActiveCfg = Release|Any CPU
		{F39C9F6B-043A-4EAE-8397-ACCBC1A927D3}.AppStore|x64.Build.0 = Release|Any CPU
		{F39C9F6B-043A-4EAE-8397-ACCBC1A927D3}.AppStore|x86.ActiveCfg = Release|Any CPU
		{F39C9F6B-043A-4EAE-8397-ACCBC1A927D3}.AppStore|x86.Build.0 = Release|Any CPU
		{F39C9F6B-043A-4EAE-8397-ACCBC1A927D3}.Debug|Any CPU.ActiveCfg = Debug|Any CPU
		{F39C9F6B-043A-4EAE-8397-ACCBC1A927D3}.Debug|Any CPU.Build.0 = Debug|Any CPU
		{F39C9F6B-043A-4EAE-8397-ACCBC1A927D3}.Debug|ARM.ActiveCfg = Debug|Any CPU
		{F39C9F6B-043A-4EAE-8397-ACCBC1A927D3}.Debug|ARM.Build.0 = Debug|Any CPU
		{F39C9F6B-043A-4EAE-8397-ACCBC1A927D3}.Debug|iPhone.ActiveCfg = Debug|Any CPU
		{F39C9F6B-043A-4EAE-8397-ACCBC1A927D3}.Debug|iPhone.Build.0 = Debug|Any CPU
		{F39C9F6B-043A-4EAE-8397-ACCBC1A927D3}.Debug|iPhoneSimulator.ActiveCfg = Debug|Any CPU
		{F39C9F6B-043A-4EAE-8397-ACCBC1A927D3}.Debug|iPhoneSimulator.Build.0 = Debug|Any CPU
		{F39C9F6B-043A-4EAE-8397-ACCBC1A927D3}.Debug|x64.ActiveCfg = Debug|Any CPU
		{F39C9F6B-043A-4EAE-8397-ACCBC1A927D3}.Debug|x64.Build.0 = Debug|Any CPU
		{F39C9F6B-043A-4EAE-8397-ACCBC1A927D3}.Debug|x86.ActiveCfg = Debug|Any CPU
		{F39C9F6B-043A-4EAE-8397-ACCBC1A927D3}.Debug|x86.Build.0 = Debug|Any CPU
		{F39C9F6B-043A-4EAE-8397-ACCBC1A927D3}.Release|Any CPU.ActiveCfg = Release|Any CPU
		{F39C9F6B-043A-4EAE-8397-ACCBC1A927D3}.Release|Any CPU.Build.0 = Release|Any CPU
		{F39C9F6B-043A-4EAE-8397-ACCBC1A927D3}.Release|ARM.ActiveCfg = Release|Any CPU
		{F39C9F6B-043A-4EAE-8397-ACCBC1A927D3}.Release|ARM.Build.0 = Release|Any CPU
		{F39C9F6B-043A-4EAE-8397-ACCBC1A927D3}.Release|iPhone.ActiveCfg = Release|Any CPU
		{F39C9F6B-043A-4EAE-8397-ACCBC1A927D3}.Release|iPhone.Build.0 = Release|Any CPU
		{F39C9F6B-043A-4EAE-8397-ACCBC1A927D3}.Release|iPhoneSimulator.ActiveCfg = Release|Any CPU
		{F39C9F6B-043A-4EAE-8397-ACCBC1A927D3}.Release|iPhoneSimulator.Build.0 = Release|Any CPU
		{F39C9F6B-043A-4EAE-8397-ACCBC1A927D3}.Release|x64.ActiveCfg = Release|Any CPU
		{F39C9F6B-043A-4EAE-8397-ACCBC1A927D3}.Release|x64.Build.0 = Release|Any CPU
		{F39C9F6B-043A-4EAE-8397-ACCBC1A927D3}.Release|x86.ActiveCfg = Release|Any CPU
		{F39C9F6B-043A-4EAE-8397-ACCBC1A927D3}.Release|x86.Build.0 = Release|Any CPU
		{958D1D9E-F3EB-473C-B206-C41DBE77F1B3}.Ad-Hoc|Any CPU.ActiveCfg = Release|Any CPU
		{958D1D9E-F3EB-473C-B206-C41DBE77F1B3}.Ad-Hoc|Any CPU.Build.0 = Release|Any CPU
		{958D1D9E-F3EB-473C-B206-C41DBE77F1B3}.Ad-Hoc|Any CPU.Deploy.0 = Release|Any CPU
		{958D1D9E-F3EB-473C-B206-C41DBE77F1B3}.Ad-Hoc|ARM.ActiveCfg = Release|Any CPU
		{958D1D9E-F3EB-473C-B206-C41DBE77F1B3}.Ad-Hoc|ARM.Build.0 = Release|Any CPU
		{958D1D9E-F3EB-473C-B206-C41DBE77F1B3}.Ad-Hoc|ARM.Deploy.0 = Release|Any CPU
		{958D1D9E-F3EB-473C-B206-C41DBE77F1B3}.Ad-Hoc|iPhone.ActiveCfg = Release|Any CPU
		{958D1D9E-F3EB-473C-B206-C41DBE77F1B3}.Ad-Hoc|iPhone.Build.0 = Release|Any CPU
		{958D1D9E-F3EB-473C-B206-C41DBE77F1B3}.Ad-Hoc|iPhone.Deploy.0 = Release|Any CPU
		{958D1D9E-F3EB-473C-B206-C41DBE77F1B3}.Ad-Hoc|iPhoneSimulator.ActiveCfg = Release|Any CPU
		{958D1D9E-F3EB-473C-B206-C41DBE77F1B3}.Ad-Hoc|iPhoneSimulator.Build.0 = Release|Any CPU
		{958D1D9E-F3EB-473C-B206-C41DBE77F1B3}.Ad-Hoc|iPhoneSimulator.Deploy.0 = Release|Any CPU
		{958D1D9E-F3EB-473C-B206-C41DBE77F1B3}.Ad-Hoc|x64.ActiveCfg = Release|Any CPU
		{958D1D9E-F3EB-473C-B206-C41DBE77F1B3}.Ad-Hoc|x64.Build.0 = Release|Any CPU
		{958D1D9E-F3EB-473C-B206-C41DBE77F1B3}.Ad-Hoc|x64.Deploy.0 = Release|Any CPU
		{958D1D9E-F3EB-473C-B206-C41DBE77F1B3}.Ad-Hoc|x86.ActiveCfg = Release|Any CPU
		{958D1D9E-F3EB-473C-B206-C41DBE77F1B3}.Ad-Hoc|x86.Build.0 = Release|Any CPU
		{958D1D9E-F3EB-473C-B206-C41DBE77F1B3}.Ad-Hoc|x86.Deploy.0 = Release|Any CPU
		{958D1D9E-F3EB-473C-B206-C41DBE77F1B3}.AppStore|Any CPU.ActiveCfg = Release|Any CPU
		{958D1D9E-F3EB-473C-B206-C41DBE77F1B3}.AppStore|Any CPU.Build.0 = Release|Any CPU
		{958D1D9E-F3EB-473C-B206-C41DBE77F1B3}.AppStore|Any CPU.Deploy.0 = Release|Any CPU
		{958D1D9E-F3EB-473C-B206-C41DBE77F1B3}.AppStore|ARM.ActiveCfg = Release|Any CPU
		{958D1D9E-F3EB-473C-B206-C41DBE77F1B3}.AppStore|ARM.Build.0 = Release|Any CPU
		{958D1D9E-F3EB-473C-B206-C41DBE77F1B3}.AppStore|ARM.Deploy.0 = Release|Any CPU
		{958D1D9E-F3EB-473C-B206-C41DBE77F1B3}.AppStore|iPhone.ActiveCfg = Release|Any CPU
		{958D1D9E-F3EB-473C-B206-C41DBE77F1B3}.AppStore|iPhone.Build.0 = Release|Any CPU
		{958D1D9E-F3EB-473C-B206-C41DBE77F1B3}.AppStore|iPhone.Deploy.0 = Release|Any CPU
		{958D1D9E-F3EB-473C-B206-C41DBE77F1B3}.AppStore|iPhoneSimulator.ActiveCfg = Release|Any CPU
		{958D1D9E-F3EB-473C-B206-C41DBE77F1B3}.AppStore|iPhoneSimulator.Build.0 = Release|Any CPU
		{958D1D9E-F3EB-473C-B206-C41DBE77F1B3}.AppStore|iPhoneSimulator.Deploy.0 = Release|Any CPU
		{958D1D9E-F3EB-473C-B206-C41DBE77F1B3}.AppStore|x64.ActiveCfg = Release|Any CPU
		{958D1D9E-F3EB-473C-B206-C41DBE77F1B3}.AppStore|x64.Build.0 = Release|Any CPU
		{958D1D9E-F3EB-473C-B206-C41DBE77F1B3}.AppStore|x64.Deploy.0 = Release|Any CPU
		{958D1D9E-F3EB-473C-B206-C41DBE77F1B3}.AppStore|x86.ActiveCfg = Release|Any CPU
		{958D1D9E-F3EB-473C-B206-C41DBE77F1B3}.AppStore|x86.Build.0 = Release|Any CPU
		{958D1D9E-F3EB-473C-B206-C41DBE77F1B3}.AppStore|x86.Deploy.0 = Release|Any CPU
		{958D1D9E-F3EB-473C-B206-C41DBE77F1B3}.Debug|Any CPU.ActiveCfg = Debug|Any CPU
		{958D1D9E-F3EB-473C-B206-C41DBE77F1B3}.Debug|Any CPU.Build.0 = Debug|Any CPU
		{958D1D9E-F3EB-473C-B206-C41DBE77F1B3}.Debug|Any CPU.Deploy.0 = Debug|Any CPU
		{958D1D9E-F3EB-473C-B206-C41DBE77F1B3}.Debug|ARM.ActiveCfg = Debug|Any CPU
		{958D1D9E-F3EB-473C-B206-C41DBE77F1B3}.Debug|ARM.Build.0 = Debug|Any CPU
		{958D1D9E-F3EB-473C-B206-C41DBE77F1B3}.Debug|ARM.Deploy.0 = Debug|Any CPU
		{958D1D9E-F3EB-473C-B206-C41DBE77F1B3}.Debug|iPhone.ActiveCfg = Debug|Any CPU
		{958D1D9E-F3EB-473C-B206-C41DBE77F1B3}.Debug|iPhone.Build.0 = Debug|Any CPU
		{958D1D9E-F3EB-473C-B206-C41DBE77F1B3}.Debug|iPhone.Deploy.0 = Debug|Any CPU
		{958D1D9E-F3EB-473C-B206-C41DBE77F1B3}.Debug|iPhoneSimulator.ActiveCfg = Debug|Any CPU
		{958D1D9E-F3EB-473C-B206-C41DBE77F1B3}.Debug|iPhoneSimulator.Build.0 = Debug|Any CPU
		{958D1D9E-F3EB-473C-B206-C41DBE77F1B3}.Debug|iPhoneSimulator.Deploy.0 = Debug|Any CPU
		{958D1D9E-F3EB-473C-B206-C41DBE77F1B3}.Debug|x64.ActiveCfg = Debug|Any CPU
		{958D1D9E-F3EB-473C-B206-C41DBE77F1B3}.Debug|x64.Build.0 = Debug|Any CPU
		{958D1D9E-F3EB-473C-B206-C41DBE77F1B3}.Debug|x64.Deploy.0 = Debug|Any CPU
		{958D1D9E-F3EB-473C-B206-C41DBE77F1B3}.Debug|x86.ActiveCfg = Debug|Any CPU
		{958D1D9E-F3EB-473C-B206-C41DBE77F1B3}.Debug|x86.Build.0 = Debug|Any CPU
		{958D1D9E-F3EB-473C-B206-C41DBE77F1B3}.Debug|x86.Deploy.0 = Debug|Any CPU
		{958D1D9E-F3EB-473C-B206-C41DBE77F1B3}.Release|Any CPU.ActiveCfg = Release|Any CPU
		{958D1D9E-F3EB-473C-B206-C41DBE77F1B3}.Release|Any CPU.Build.0 = Release|Any CPU
		{958D1D9E-F3EB-473C-B206-C41DBE77F1B3}.Release|Any CPU.Deploy.0 = Release|Any CPU
		{958D1D9E-F3EB-473C-B206-C41DBE77F1B3}.Release|ARM.ActiveCfg = Release|Any CPU
		{958D1D9E-F3EB-473C-B206-C41DBE77F1B3}.Release|ARM.Build.0 = Release|Any CPU
		{958D1D9E-F3EB-473C-B206-C41DBE77F1B3}.Release|ARM.Deploy.0 = Release|Any CPU
		{958D1D9E-F3EB-473C-B206-C41DBE77F1B3}.Release|iPhone.ActiveCfg = Release|Any CPU
		{958D1D9E-F3EB-473C-B206-C41DBE77F1B3}.Release|iPhone.Build.0 = Release|Any CPU
		{958D1D9E-F3EB-473C-B206-C41DBE77F1B3}.Release|iPhone.Deploy.0 = Release|Any CPU
		{958D1D9E-F3EB-473C-B206-C41DBE77F1B3}.Release|iPhoneSimulator.ActiveCfg = Release|Any CPU
		{958D1D9E-F3EB-473C-B206-C41DBE77F1B3}.Release|iPhoneSimulator.Build.0 = Release|Any CPU
		{958D1D9E-F3EB-473C-B206-C41DBE77F1B3}.Release|iPhoneSimulator.Deploy.0 = Release|Any CPU
		{958D1D9E-F3EB-473C-B206-C41DBE77F1B3}.Release|x64.ActiveCfg = Release|Any CPU
		{958D1D9E-F3EB-473C-B206-C41DBE77F1B3}.Release|x64.Build.0 = Release|Any CPU
		{958D1D9E-F3EB-473C-B206-C41DBE77F1B3}.Release|x64.Deploy.0 = Release|Any CPU
		{958D1D9E-F3EB-473C-B206-C41DBE77F1B3}.Release|x86.ActiveCfg = Release|Any CPU
		{958D1D9E-F3EB-473C-B206-C41DBE77F1B3}.Release|x86.Build.0 = Release|Any CPU
		{958D1D9E-F3EB-473C-B206-C41DBE77F1B3}.Release|x86.Deploy.0 = Release|Any CPU
		{AF8D5521-AD1C-4B00-A8D0-6407573E8501}.Ad-Hoc|Any CPU.ActiveCfg = Ad-Hoc|iPhone
		{AF8D5521-AD1C-4B00-A8D0-6407573E8501}.Ad-Hoc|ARM.ActiveCfg = Ad-Hoc|iPhone
		{AF8D5521-AD1C-4B00-A8D0-6407573E8501}.Ad-Hoc|iPhone.ActiveCfg = Ad-Hoc|iPhone
		{AF8D5521-AD1C-4B00-A8D0-6407573E8501}.Ad-Hoc|iPhone.Build.0 = Ad-Hoc|iPhone
		{AF8D5521-AD1C-4B00-A8D0-6407573E8501}.Ad-Hoc|iPhoneSimulator.ActiveCfg = Ad-Hoc|iPhoneSimulator
		{AF8D5521-AD1C-4B00-A8D0-6407573E8501}.Ad-Hoc|iPhoneSimulator.Build.0 = Ad-Hoc|iPhoneSimulator
		{AF8D5521-AD1C-4B00-A8D0-6407573E8501}.Ad-Hoc|x64.ActiveCfg = Ad-Hoc|iPhone
		{AF8D5521-AD1C-4B00-A8D0-6407573E8501}.Ad-Hoc|x86.ActiveCfg = Ad-Hoc|iPhone
		{AF8D5521-AD1C-4B00-A8D0-6407573E8501}.AppStore|Any CPU.ActiveCfg = AppStore|iPhone
		{AF8D5521-AD1C-4B00-A8D0-6407573E8501}.AppStore|ARM.ActiveCfg = AppStore|iPhone
		{AF8D5521-AD1C-4B00-A8D0-6407573E8501}.AppStore|iPhone.ActiveCfg = AppStore|iPhone
		{AF8D5521-AD1C-4B00-A8D0-6407573E8501}.AppStore|iPhone.Build.0 = AppStore|iPhone
		{AF8D5521-AD1C-4B00-A8D0-6407573E8501}.AppStore|iPhoneSimulator.ActiveCfg = AppStore|iPhoneSimulator
		{AF8D5521-AD1C-4B00-A8D0-6407573E8501}.AppStore|iPhoneSimulator.Build.0 = AppStore|iPhoneSimulator
		{AF8D5521-AD1C-4B00-A8D0-6407573E8501}.AppStore|x64.ActiveCfg = AppStore|iPhone
		{AF8D5521-AD1C-4B00-A8D0-6407573E8501}.AppStore|x86.ActiveCfg = AppStore|iPhone
		{AF8D5521-AD1C-4B00-A8D0-6407573E8501}.Debug|Any CPU.ActiveCfg = Debug|iPhone
		{AF8D5521-AD1C-4B00-A8D0-6407573E8501}.Debug|ARM.ActiveCfg = Debug|iPhone
		{AF8D5521-AD1C-4B00-A8D0-6407573E8501}.Debug|iPhone.ActiveCfg = Debug|iPhone
		{AF8D5521-AD1C-4B00-A8D0-6407573E8501}.Debug|iPhone.Build.0 = Debug|iPhone
		{AF8D5521-AD1C-4B00-A8D0-6407573E8501}.Debug|iPhoneSimulator.ActiveCfg = Debug|iPhoneSimulator
		{AF8D5521-AD1C-4B00-A8D0-6407573E8501}.Debug|iPhoneSimulator.Build.0 = Debug|iPhoneSimulator
		{AF8D5521-AD1C-4B00-A8D0-6407573E8501}.Debug|x64.ActiveCfg = Debug|iPhone
		{AF8D5521-AD1C-4B00-A8D0-6407573E8501}.Debug|x86.ActiveCfg = Debug|iPhone
		{AF8D5521-AD1C-4B00-A8D0-6407573E8501}.Release|Any CPU.ActiveCfg = Release|iPhone
		{AF8D5521-AD1C-4B00-A8D0-6407573E8501}.Release|ARM.ActiveCfg = Release|iPhone
		{AF8D5521-AD1C-4B00-A8D0-6407573E8501}.Release|iPhone.ActiveCfg = Release|iPhone
		{AF8D5521-AD1C-4B00-A8D0-6407573E8501}.Release|iPhone.Build.0 = Release|iPhone
		{AF8D5521-AD1C-4B00-A8D0-6407573E8501}.Release|iPhoneSimulator.ActiveCfg = Release|iPhoneSimulator
		{AF8D5521-AD1C-4B00-A8D0-6407573E8501}.Release|iPhoneSimulator.Build.0 = Release|iPhoneSimulator
		{AF8D5521-AD1C-4B00-A8D0-6407573E8501}.Release|x64.ActiveCfg = Release|iPhone
		{AF8D5521-AD1C-4B00-A8D0-6407573E8501}.Release|x86.ActiveCfg = Release|iPhone
		{E19FEE71-F65C-47AB-8937-0C1FE215AB10}.Ad-Hoc|Any CPU.ActiveCfg = Release|Any CPU
		{E19FEE71-F65C-47AB-8937-0C1FE215AB10}.Ad-Hoc|Any CPU.Build.0 = Release|Any CPU
		{E19FEE71-F65C-47AB-8937-0C1FE215AB10}.Ad-Hoc|Any CPU.Deploy.0 = Release|Any CPU
		{E19FEE71-F65C-47AB-8937-0C1FE215AB10}.Ad-Hoc|ARM.ActiveCfg = Release|ARM
		{E19FEE71-F65C-47AB-8937-0C1FE215AB10}.Ad-Hoc|ARM.Build.0 = Release|ARM
		{E19FEE71-F65C-47AB-8937-0C1FE215AB10}.Ad-Hoc|ARM.Deploy.0 = Release|ARM
		{E19FEE71-F65C-47AB-8937-0C1FE215AB10}.Ad-Hoc|iPhone.ActiveCfg = Release|Any CPU
		{E19FEE71-F65C-47AB-8937-0C1FE215AB10}.Ad-Hoc|iPhone.Build.0 = Release|Any CPU
		{E19FEE71-F65C-47AB-8937-0C1FE215AB10}.Ad-Hoc|iPhone.Deploy.0 = Release|Any CPU
		{E19FEE71-F65C-47AB-8937-0C1FE215AB10}.Ad-Hoc|iPhoneSimulator.ActiveCfg = Release|Any CPU
		{E19FEE71-F65C-47AB-8937-0C1FE215AB10}.Ad-Hoc|iPhoneSimulator.Build.0 = Release|Any CPU
		{E19FEE71-F65C-47AB-8937-0C1FE215AB10}.Ad-Hoc|iPhoneSimulator.Deploy.0 = Release|Any CPU
		{E19FEE71-F65C-47AB-8937-0C1FE215AB10}.Ad-Hoc|x64.ActiveCfg = Release|Any CPU
		{E19FEE71-F65C-47AB-8937-0C1FE215AB10}.Ad-Hoc|x64.Build.0 = Release|Any CPU
		{E19FEE71-F65C-47AB-8937-0C1FE215AB10}.Ad-Hoc|x64.Deploy.0 = Release|Any CPU
		{E19FEE71-F65C-47AB-8937-0C1FE215AB10}.Ad-Hoc|x86.ActiveCfg = Release|x86
		{E19FEE71-F65C-47AB-8937-0C1FE215AB10}.Ad-Hoc|x86.Build.0 = Release|x86
		{E19FEE71-F65C-47AB-8937-0C1FE215AB10}.Ad-Hoc|x86.Deploy.0 = Release|x86
		{E19FEE71-F65C-47AB-8937-0C1FE215AB10}.AppStore|Any CPU.ActiveCfg = Release|Any CPU
		{E19FEE71-F65C-47AB-8937-0C1FE215AB10}.AppStore|Any CPU.Build.0 = Release|Any CPU
		{E19FEE71-F65C-47AB-8937-0C1FE215AB10}.AppStore|Any CPU.Deploy.0 = Release|Any CPU
		{E19FEE71-F65C-47AB-8937-0C1FE215AB10}.AppStore|ARM.ActiveCfg = Release|ARM
		{E19FEE71-F65C-47AB-8937-0C1FE215AB10}.AppStore|ARM.Build.0 = Release|ARM
		{E19FEE71-F65C-47AB-8937-0C1FE215AB10}.AppStore|ARM.Deploy.0 = Release|ARM
		{E19FEE71-F65C-47AB-8937-0C1FE215AB10}.AppStore|iPhone.ActiveCfg = Release|Any CPU
		{E19FEE71-F65C-47AB-8937-0C1FE215AB10}.AppStore|iPhone.Build.0 = Release|Any CPU
		{E19FEE71-F65C-47AB-8937-0C1FE215AB10}.AppStore|iPhone.Deploy.0 = Release|Any CPU
		{E19FEE71-F65C-47AB-8937-0C1FE215AB10}.AppStore|iPhoneSimulator.ActiveCfg = Release|Any CPU
		{E19FEE71-F65C-47AB-8937-0C1FE215AB10}.AppStore|iPhoneSimulator.Build.0 = Release|Any CPU
		{E19FEE71-F65C-47AB-8937-0C1FE215AB10}.AppStore|iPhoneSimulator.Deploy.0 = Release|Any CPU
		{E19FEE71-F65C-47AB-8937-0C1FE215AB10}.AppStore|x64.ActiveCfg = Release|Any CPU
		{E19FEE71-F65C-47AB-8937-0C1FE215AB10}.AppStore|x64.Build.0 = Release|Any CPU
		{E19FEE71-F65C-47AB-8937-0C1FE215AB10}.AppStore|x64.Deploy.0 = Release|Any CPU
		{E19FEE71-F65C-47AB-8937-0C1FE215AB10}.AppStore|x86.ActiveCfg = Release|x86
		{E19FEE71-F65C-47AB-8937-0C1FE215AB10}.AppStore|x86.Build.0 = Release|x86
		{E19FEE71-F65C-47AB-8937-0C1FE215AB10}.AppStore|x86.Deploy.0 = Release|x86
		{E19FEE71-F65C-47AB-8937-0C1FE215AB10}.Debug|Any CPU.ActiveCfg = Debug|Any CPU
		{E19FEE71-F65C-47AB-8937-0C1FE215AB10}.Debug|Any CPU.Build.0 = Debug|Any CPU
		{E19FEE71-F65C-47AB-8937-0C1FE215AB10}.Debug|Any CPU.Deploy.0 = Debug|Any CPU
		{E19FEE71-F65C-47AB-8937-0C1FE215AB10}.Debug|ARM.ActiveCfg = Debug|ARM
		{E19FEE71-F65C-47AB-8937-0C1FE215AB10}.Debug|ARM.Build.0 = Debug|ARM
		{E19FEE71-F65C-47AB-8937-0C1FE215AB10}.Debug|ARM.Deploy.0 = Debug|ARM
		{E19FEE71-F65C-47AB-8937-0C1FE215AB10}.Debug|iPhone.ActiveCfg = Debug|Any CPU
		{E19FEE71-F65C-47AB-8937-0C1FE215AB10}.Debug|iPhone.Build.0 = Debug|Any CPU
		{E19FEE71-F65C-47AB-8937-0C1FE215AB10}.Debug|iPhone.Deploy.0 = Debug|Any CPU
		{E19FEE71-F65C-47AB-8937-0C1FE215AB10}.Debug|iPhoneSimulator.ActiveCfg = Debug|Any CPU
		{E19FEE71-F65C-47AB-8937-0C1FE215AB10}.Debug|iPhoneSimulator.Build.0 = Debug|Any CPU
		{E19FEE71-F65C-47AB-8937-0C1FE215AB10}.Debug|iPhoneSimulator.Deploy.0 = Debug|Any CPU
		{E19FEE71-F65C-47AB-8937-0C1FE215AB10}.Debug|x64.ActiveCfg = Debug|Any CPU
		{E19FEE71-F65C-47AB-8937-0C1FE215AB10}.Debug|x64.Build.0 = Debug|Any CPU
		{E19FEE71-F65C-47AB-8937-0C1FE215AB10}.Debug|x64.Deploy.0 = Debug|Any CPU
		{E19FEE71-F65C-47AB-8937-0C1FE215AB10}.Debug|x86.ActiveCfg = Debug|x86
		{E19FEE71-F65C-47AB-8937-0C1FE215AB10}.Debug|x86.Build.0 = Debug|x86
		{E19FEE71-F65C-47AB-8937-0C1FE215AB10}.Debug|x86.Deploy.0 = Debug|x86
		{E19FEE71-F65C-47AB-8937-0C1FE215AB10}.Release|Any CPU.ActiveCfg = Release|Any CPU
		{E19FEE71-F65C-47AB-8937-0C1FE215AB10}.Release|Any CPU.Build.0 = Release|Any CPU
		{E19FEE71-F65C-47AB-8937-0C1FE215AB10}.Release|Any CPU.Deploy.0 = Release|Any CPU
		{E19FEE71-F65C-47AB-8937-0C1FE215AB10}.Release|ARM.ActiveCfg = Release|ARM
		{E19FEE71-F65C-47AB-8937-0C1FE215AB10}.Release|ARM.Build.0 = Release|ARM
		{E19FEE71-F65C-47AB-8937-0C1FE215AB10}.Release|ARM.Deploy.0 = Release|ARM
		{E19FEE71-F65C-47AB-8937-0C1FE215AB10}.Release|iPhone.ActiveCfg = Release|Any CPU
		{E19FEE71-F65C-47AB-8937-0C1FE215AB10}.Release|iPhone.Build.0 = Release|Any CPU
		{E19FEE71-F65C-47AB-8937-0C1FE215AB10}.Release|iPhone.Deploy.0 = Release|Any CPU
		{E19FEE71-F65C-47AB-8937-0C1FE215AB10}.Release|iPhoneSimulator.ActiveCfg = Release|Any CPU
		{E19FEE71-F65C-47AB-8937-0C1FE215AB10}.Release|iPhoneSimulator.Build.0 = Release|Any CPU
		{E19FEE71-F65C-47AB-8937-0C1FE215AB10}.Release|iPhoneSimulator.Deploy.0 = Release|Any CPU
		{E19FEE71-F65C-47AB-8937-0C1FE215AB10}.Release|x64.ActiveCfg = Release|Any CPU
		{E19FEE71-F65C-47AB-8937-0C1FE215AB10}.Release|x64.Build.0 = Release|Any CPU
		{E19FEE71-F65C-47AB-8937-0C1FE215AB10}.Release|x64.Deploy.0 = Release|Any CPU
		{E19FEE71-F65C-47AB-8937-0C1FE215AB10}.Release|x86.ActiveCfg = Release|x86
		{E19FEE71-F65C-47AB-8937-0C1FE215AB10}.Release|x86.Build.0 = Release|x86
		{E19FEE71-F65C-47AB-8937-0C1FE215AB10}.Release|x86.Deploy.0 = Release|x86
		{3A317665-43AD-4957-838D-27BCB5E53305}.Ad-Hoc|Any CPU.ActiveCfg = Release|x86
		{3A317665-43AD-4957-838D-27BCB5E53305}.Ad-Hoc|Any CPU.Build.0 = Release|x86
		{3A317665-43AD-4957-838D-27BCB5E53305}.Ad-Hoc|Any CPU.Deploy.0 = Release|x86
		{3A317665-43AD-4957-838D-27BCB5E53305}.Ad-Hoc|ARM.ActiveCfg = Release|ARM
		{3A317665-43AD-4957-838D-27BCB5E53305}.Ad-Hoc|ARM.Build.0 = Release|ARM
		{3A317665-43AD-4957-838D-27BCB5E53305}.Ad-Hoc|ARM.Deploy.0 = Release|ARM
		{3A317665-43AD-4957-838D-27BCB5E53305}.Ad-Hoc|iPhone.ActiveCfg = Release|x86
		{3A317665-43AD-4957-838D-27BCB5E53305}.Ad-Hoc|iPhone.Build.0 = Release|x86
		{3A317665-43AD-4957-838D-27BCB5E53305}.Ad-Hoc|iPhone.Deploy.0 = Release|x86
		{3A317665-43AD-4957-838D-27BCB5E53305}.Ad-Hoc|iPhoneSimulator.ActiveCfg = Release|x86
		{3A317665-43AD-4957-838D-27BCB5E53305}.Ad-Hoc|iPhoneSimulator.Build.0 = Release|x86
		{3A317665-43AD-4957-838D-27BCB5E53305}.Ad-Hoc|iPhoneSimulator.Deploy.0 = Release|x86
		{3A317665-43AD-4957-838D-27BCB5E53305}.Ad-Hoc|x64.ActiveCfg = Release|x64
		{3A317665-43AD-4957-838D-27BCB5E53305}.Ad-Hoc|x64.Build.0 = Release|x64
		{3A317665-43AD-4957-838D-27BCB5E53305}.Ad-Hoc|x64.Deploy.0 = Release|x64
		{3A317665-43AD-4957-838D-27BCB5E53305}.Ad-Hoc|x86.ActiveCfg = Release|x86
		{3A317665-43AD-4957-838D-27BCB5E53305}.Ad-Hoc|x86.Build.0 = Release|x86
		{3A317665-43AD-4957-838D-27BCB5E53305}.Ad-Hoc|x86.Deploy.0 = Release|x86
		{3A317665-43AD-4957-838D-27BCB5E53305}.AppStore|Any CPU.ActiveCfg = Release|x86
		{3A317665-43AD-4957-838D-27BCB5E53305}.AppStore|Any CPU.Build.0 = Release|x86
		{3A317665-43AD-4957-838D-27BCB5E53305}.AppStore|Any CPU.Deploy.0 = Release|x86
		{3A317665-43AD-4957-838D-27BCB5E53305}.AppStore|ARM.ActiveCfg = Release|ARM
		{3A317665-43AD-4957-838D-27BCB5E53305}.AppStore|ARM.Build.0 = Release|ARM
		{3A317665-43AD-4957-838D-27BCB5E53305}.AppStore|ARM.Deploy.0 = Release|ARM
		{3A317665-43AD-4957-838D-27BCB5E53305}.AppStore|iPhone.ActiveCfg = Release|x86
		{3A317665-43AD-4957-838D-27BCB5E53305}.AppStore|iPhone.Build.0 = Release|x86
		{3A317665-43AD-4957-838D-27BCB5E53305}.AppStore|iPhone.Deploy.0 = Release|x86
		{3A317665-43AD-4957-838D-27BCB5E53305}.AppStore|iPhoneSimulator.ActiveCfg = Release|x86
		{3A317665-43AD-4957-838D-27BCB5E53305}.AppStore|iPhoneSimulator.Build.0 = Release|x86
		{3A317665-43AD-4957-838D-27BCB5E53305}.AppStore|iPhoneSimulator.Deploy.0 = Release|x86
		{3A317665-43AD-4957-838D-27BCB5E53305}.AppStore|x64.ActiveCfg = Release|x64
		{3A317665-43AD-4957-838D-27BCB5E53305}.AppStore|x64.Build.0 = Release|x64
		{3A317665-43AD-4957-838D-27BCB5E53305}.AppStore|x64.Deploy.0 = Release|x64
		{3A317665-43AD-4957-838D-27BCB5E53305}.AppStore|x86.ActiveCfg = Release|x86
		{3A317665-43AD-4957-838D-27BCB5E53305}.AppStore|x86.Build.0 = Release|x86
		{3A317665-43AD-4957-838D-27BCB5E53305}.AppStore|x86.Deploy.0 = Release|x86
		{3A317665-43AD-4957-838D-27BCB5E53305}.Debug|Any CPU.ActiveCfg = Debug|x86
		{3A317665-43AD-4957-838D-27BCB5E53305}.Debug|Any CPU.Build.0 = Debug|x86
		{3A317665-43AD-4957-838D-27BCB5E53305}.Debug|Any CPU.Deploy.0 = Debug|x86
		{3A317665-43AD-4957-838D-27BCB5E53305}.Debug|ARM.ActiveCfg = Debug|ARM
		{3A317665-43AD-4957-838D-27BCB5E53305}.Debug|ARM.Build.0 = Debug|ARM
		{3A317665-43AD-4957-838D-27BCB5E53305}.Debug|ARM.Deploy.0 = Debug|ARM
		{3A317665-43AD-4957-838D-27BCB5E53305}.Debug|iPhone.ActiveCfg = Debug|x86
		{3A317665-43AD-4957-838D-27BCB5E53305}.Debug|iPhoneSimulator.ActiveCfg = Debug|x86
		{3A317665-43AD-4957-838D-27BCB5E53305}.Debug|x64.ActiveCfg = Debug|x64
		{3A317665-43AD-4957-838D-27BCB5E53305}.Debug|x64.Build.0 = Debug|x64
		{3A317665-43AD-4957-838D-27BCB5E53305}.Debug|x64.Deploy.0 = Debug|x64
		{3A317665-43AD-4957-838D-27BCB5E53305}.Debug|x86.ActiveCfg = Debug|x86
		{3A317665-43AD-4957-838D-27BCB5E53305}.Debug|x86.Build.0 = Debug|x86
		{3A317665-43AD-4957-838D-27BCB5E53305}.Debug|x86.Deploy.0 = Debug|x86
		{3A317665-43AD-4957-838D-27BCB5E53305}.Release|Any CPU.ActiveCfg = Release|x86
		{3A317665-43AD-4957-838D-27BCB5E53305}.Release|ARM.ActiveCfg = Release|ARM
		{3A317665-43AD-4957-838D-27BCB5E53305}.Release|ARM.Build.0 = Release|ARM
		{3A317665-43AD-4957-838D-27BCB5E53305}.Release|ARM.Deploy.0 = Release|ARM
		{3A317665-43AD-4957-838D-27BCB5E53305}.Release|iPhone.ActiveCfg = Release|x86
		{3A317665-43AD-4957-838D-27BCB5E53305}.Release|iPhoneSimulator.ActiveCfg = Release|x86
		{3A317665-43AD-4957-838D-27BCB5E53305}.Release|x64.ActiveCfg = Release|x64
		{3A317665-43AD-4957-838D-27BCB5E53305}.Release|x64.Build.0 = Release|x64
		{3A317665-43AD-4957-838D-27BCB5E53305}.Release|x64.Deploy.0 = Release|x64
		{3A317665-43AD-4957-838D-27BCB5E53305}.Release|x86.ActiveCfg = Release|x86
		{3A317665-43AD-4957-838D-27BCB5E53305}.Release|x86.Build.0 = Release|x86
		{3A317665-43AD-4957-838D-27BCB5E53305}.Release|x86.Deploy.0 = Release|x86
		{71CB6B91-CDF7-4A40-B1A0-502FF58C388B}.Ad-Hoc|Any CPU.ActiveCfg = Release|Any CPU
		{71CB6B91-CDF7-4A40-B1A0-502FF58C388B}.Ad-Hoc|Any CPU.Build.0 = Release|Any CPU
		{71CB6B91-CDF7-4A40-B1A0-502FF58C388B}.Ad-Hoc|Any CPU.Deploy.0 = Release|Any CPU
		{71CB6B91-CDF7-4A40-B1A0-502FF58C388B}.Ad-Hoc|ARM.ActiveCfg = Release|ARM
		{71CB6B91-CDF7-4A40-B1A0-502FF58C388B}.Ad-Hoc|ARM.Build.0 = Release|ARM
		{71CB6B91-CDF7-4A40-B1A0-502FF58C388B}.Ad-Hoc|ARM.Deploy.0 = Release|ARM
		{71CB6B91-CDF7-4A40-B1A0-502FF58C388B}.Ad-Hoc|iPhone.ActiveCfg = Release|Any CPU
		{71CB6B91-CDF7-4A40-B1A0-502FF58C388B}.Ad-Hoc|iPhone.Build.0 = Release|Any CPU
		{71CB6B91-CDF7-4A40-B1A0-502FF58C388B}.Ad-Hoc|iPhone.Deploy.0 = Release|Any CPU
		{71CB6B91-CDF7-4A40-B1A0-502FF58C388B}.Ad-Hoc|iPhoneSimulator.ActiveCfg = Release|Any CPU
		{71CB6B91-CDF7-4A40-B1A0-502FF58C388B}.Ad-Hoc|iPhoneSimulator.Build.0 = Release|Any CPU
		{71CB6B91-CDF7-4A40-B1A0-502FF58C388B}.Ad-Hoc|iPhoneSimulator.Deploy.0 = Release|Any CPU
		{71CB6B91-CDF7-4A40-B1A0-502FF58C388B}.Ad-Hoc|x64.ActiveCfg = Release|x64
		{71CB6B91-CDF7-4A40-B1A0-502FF58C388B}.Ad-Hoc|x64.Build.0 = Release|x64
		{71CB6B91-CDF7-4A40-B1A0-502FF58C388B}.Ad-Hoc|x64.Deploy.0 = Release|x64
		{71CB6B91-CDF7-4A40-B1A0-502FF58C388B}.Ad-Hoc|x86.ActiveCfg = Release|x86
		{71CB6B91-CDF7-4A40-B1A0-502FF58C388B}.Ad-Hoc|x86.Build.0 = Release|x86
		{71CB6B91-CDF7-4A40-B1A0-502FF58C388B}.Ad-Hoc|x86.Deploy.0 = Release|x86
		{71CB6B91-CDF7-4A40-B1A0-502FF58C388B}.AppStore|Any CPU.ActiveCfg = Release|Any CPU
		{71CB6B91-CDF7-4A40-B1A0-502FF58C388B}.AppStore|Any CPU.Build.0 = Release|Any CPU
		{71CB6B91-CDF7-4A40-B1A0-502FF58C388B}.AppStore|Any CPU.Deploy.0 = Release|Any CPU
		{71CB6B91-CDF7-4A40-B1A0-502FF58C388B}.AppStore|ARM.ActiveCfg = Release|ARM
		{71CB6B91-CDF7-4A40-B1A0-502FF58C388B}.AppStore|ARM.Build.0 = Release|ARM
		{71CB6B91-CDF7-4A40-B1A0-502FF58C388B}.AppStore|ARM.Deploy.0 = Release|ARM
		{71CB6B91-CDF7-4A40-B1A0-502FF58C388B}.AppStore|iPhone.ActiveCfg = Release|Any CPU
		{71CB6B91-CDF7-4A40-B1A0-502FF58C388B}.AppStore|iPhone.Build.0 = Release|Any CPU
		{71CB6B91-CDF7-4A40-B1A0-502FF58C388B}.AppStore|iPhone.Deploy.0 = Release|Any CPU
		{71CB6B91-CDF7-4A40-B1A0-502FF58C388B}.AppStore|iPhoneSimulator.ActiveCfg = Release|Any CPU
		{71CB6B91-CDF7-4A40-B1A0-502FF58C388B}.AppStore|iPhoneSimulator.Build.0 = Release|Any CPU
		{71CB6B91-CDF7-4A40-B1A0-502FF58C388B}.AppStore|iPhoneSimulator.Deploy.0 = Release|Any CPU
		{71CB6B91-CDF7-4A40-B1A0-502FF58C388B}.AppStore|x64.ActiveCfg = Release|x64
		{71CB6B91-CDF7-4A40-B1A0-502FF58C388B}.AppStore|x64.Build.0 = Release|x64
		{71CB6B91-CDF7-4A40-B1A0-502FF58C388B}.AppStore|x64.Deploy.0 = Release|x64
		{71CB6B91-CDF7-4A40-B1A0-502FF58C388B}.AppStore|x86.ActiveCfg = Release|x86
		{71CB6B91-CDF7-4A40-B1A0-502FF58C388B}.AppStore|x86.Build.0 = Release|x86
		{71CB6B91-CDF7-4A40-B1A0-502FF58C388B}.AppStore|x86.Deploy.0 = Release|x86
		{71CB6B91-CDF7-4A40-B1A0-502FF58C388B}.Debug|Any CPU.ActiveCfg = Debug|Any CPU
		{71CB6B91-CDF7-4A40-B1A0-502FF58C388B}.Debug|Any CPU.Build.0 = Debug|Any CPU
		{71CB6B91-CDF7-4A40-B1A0-502FF58C388B}.Debug|Any CPU.Deploy.0 = Debug|Any CPU
		{71CB6B91-CDF7-4A40-B1A0-502FF58C388B}.Debug|ARM.ActiveCfg = Debug|ARM
		{71CB6B91-CDF7-4A40-B1A0-502FF58C388B}.Debug|ARM.Build.0 = Debug|ARM
		{71CB6B91-CDF7-4A40-B1A0-502FF58C388B}.Debug|ARM.Deploy.0 = Debug|ARM
		{71CB6B91-CDF7-4A40-B1A0-502FF58C388B}.Debug|iPhone.ActiveCfg = Debug|Any CPU
		{71CB6B91-CDF7-4A40-B1A0-502FF58C388B}.Debug|iPhone.Build.0 = Debug|Any CPU
		{71CB6B91-CDF7-4A40-B1A0-502FF58C388B}.Debug|iPhone.Deploy.0 = Debug|Any CPU
		{71CB6B91-CDF7-4A40-B1A0-502FF58C388B}.Debug|iPhoneSimulator.ActiveCfg = Debug|Any CPU
		{71CB6B91-CDF7-4A40-B1A0-502FF58C388B}.Debug|iPhoneSimulator.Build.0 = Debug|Any CPU
		{71CB6B91-CDF7-4A40-B1A0-502FF58C388B}.Debug|iPhoneSimulator.Deploy.0 = Debug|Any CPU
		{71CB6B91-CDF7-4A40-B1A0-502FF58C388B}.Debug|x64.ActiveCfg = Debug|x64
		{71CB6B91-CDF7-4A40-B1A0-502FF58C388B}.Debug|x64.Build.0 = Debug|x64
		{71CB6B91-CDF7-4A40-B1A0-502FF58C388B}.Debug|x64.Deploy.0 = Debug|x64
		{71CB6B91-CDF7-4A40-B1A0-502FF58C388B}.Debug|x86.ActiveCfg = Debug|x86
		{71CB6B91-CDF7-4A40-B1A0-502FF58C388B}.Debug|x86.Build.0 = Debug|x86
		{71CB6B91-CDF7-4A40-B1A0-502FF58C388B}.Debug|x86.Deploy.0 = Debug|x86
		{71CB6B91-CDF7-4A40-B1A0-502FF58C388B}.Release|Any CPU.ActiveCfg = Release|Any CPU
		{71CB6B91-CDF7-4A40-B1A0-502FF58C388B}.Release|Any CPU.Build.0 = Release|Any CPU
		{71CB6B91-CDF7-4A40-B1A0-502FF58C388B}.Release|Any CPU.Deploy.0 = Release|Any CPU
		{71CB6B91-CDF7-4A40-B1A0-502FF58C388B}.Release|ARM.ActiveCfg = Release|ARM
		{71CB6B91-CDF7-4A40-B1A0-502FF58C388B}.Release|ARM.Build.0 = Release|ARM
		{71CB6B91-CDF7-4A40-B1A0-502FF58C388B}.Release|ARM.Deploy.0 = Release|ARM
		{71CB6B91-CDF7-4A40-B1A0-502FF58C388B}.Release|iPhone.ActiveCfg = Release|Any CPU
		{71CB6B91-CDF7-4A40-B1A0-502FF58C388B}.Release|iPhone.Build.0 = Release|Any CPU
		{71CB6B91-CDF7-4A40-B1A0-502FF58C388B}.Release|iPhone.Deploy.0 = Release|Any CPU
		{71CB6B91-CDF7-4A40-B1A0-502FF58C388B}.Release|iPhoneSimulator.ActiveCfg = Release|Any CPU
		{71CB6B91-CDF7-4A40-B1A0-502FF58C388B}.Release|iPhoneSimulator.Build.0 = Release|Any CPU
		{71CB6B91-CDF7-4A40-B1A0-502FF58C388B}.Release|iPhoneSimulator.Deploy.0 = Release|Any CPU
		{71CB6B91-CDF7-4A40-B1A0-502FF58C388B}.Release|x64.ActiveCfg = Release|x64
		{71CB6B91-CDF7-4A40-B1A0-502FF58C388B}.Release|x64.Build.0 = Release|x64
		{71CB6B91-CDF7-4A40-B1A0-502FF58C388B}.Release|x64.Deploy.0 = Release|x64
		{71CB6B91-CDF7-4A40-B1A0-502FF58C388B}.Release|x86.ActiveCfg = Release|x86
		{71CB6B91-CDF7-4A40-B1A0-502FF58C388B}.Release|x86.Build.0 = Release|x86
		{71CB6B91-CDF7-4A40-B1A0-502FF58C388B}.Release|x86.Deploy.0 = Release|x86
		{67F9D3A8-F71E-4428-913F-C37AE82CDB24}.Ad-Hoc|Any CPU.ActiveCfg = Release|Any CPU
		{67F9D3A8-F71E-4428-913F-C37AE82CDB24}.Ad-Hoc|Any CPU.Build.0 = Release|Any CPU
		{67F9D3A8-F71E-4428-913F-C37AE82CDB24}.Ad-Hoc|ARM.ActiveCfg = Release|Any CPU
		{67F9D3A8-F71E-4428-913F-C37AE82CDB24}.Ad-Hoc|ARM.Build.0 = Release|Any CPU
		{67F9D3A8-F71E-4428-913F-C37AE82CDB24}.Ad-Hoc|iPhone.ActiveCfg = Release|Any CPU
		{67F9D3A8-F71E-4428-913F-C37AE82CDB24}.Ad-Hoc|iPhone.Build.0 = Release|Any CPU
		{67F9D3A8-F71E-4428-913F-C37AE82CDB24}.Ad-Hoc|iPhoneSimulator.ActiveCfg = Release|Any CPU
		{67F9D3A8-F71E-4428-913F-C37AE82CDB24}.Ad-Hoc|iPhoneSimulator.Build.0 = Release|Any CPU
		{67F9D3A8-F71E-4428-913F-C37AE82CDB24}.Ad-Hoc|x64.ActiveCfg = Release|Any CPU
		{67F9D3A8-F71E-4428-913F-C37AE82CDB24}.Ad-Hoc|x64.Build.0 = Release|Any CPU
		{67F9D3A8-F71E-4428-913F-C37AE82CDB24}.Ad-Hoc|x86.ActiveCfg = Release|Any CPU
		{67F9D3A8-F71E-4428-913F-C37AE82CDB24}.Ad-Hoc|x86.Build.0 = Release|Any CPU
		{67F9D3A8-F71E-4428-913F-C37AE82CDB24}.AppStore|Any CPU.ActiveCfg = Release|Any CPU
		{67F9D3A8-F71E-4428-913F-C37AE82CDB24}.AppStore|Any CPU.Build.0 = Release|Any CPU
		{67F9D3A8-F71E-4428-913F-C37AE82CDB24}.AppStore|ARM.ActiveCfg = Release|Any CPU
		{67F9D3A8-F71E-4428-913F-C37AE82CDB24}.AppStore|ARM.Build.0 = Release|Any CPU
		{67F9D3A8-F71E-4428-913F-C37AE82CDB24}.AppStore|iPhone.ActiveCfg = Release|Any CPU
		{67F9D3A8-F71E-4428-913F-C37AE82CDB24}.AppStore|iPhone.Build.0 = Release|Any CPU
		{67F9D3A8-F71E-4428-913F-C37AE82CDB24}.AppStore|iPhoneSimulator.ActiveCfg = Release|Any CPU
		{67F9D3A8-F71E-4428-913F-C37AE82CDB24}.AppStore|iPhoneSimulator.Build.0 = Release|Any CPU
		{67F9D3A8-F71E-4428-913F-C37AE82CDB24}.AppStore|x64.ActiveCfg = Release|Any CPU
		{67F9D3A8-F71E-4428-913F-C37AE82CDB24}.AppStore|x64.Build.0 = Release|Any CPU
		{67F9D3A8-F71E-4428-913F-C37AE82CDB24}.AppStore|x86.ActiveCfg = Release|Any CPU
		{67F9D3A8-F71E-4428-913F-C37AE82CDB24}.AppStore|x86.Build.0 = Release|Any CPU
		{67F9D3A8-F71E-4428-913F-C37AE82CDB24}.Debug|Any CPU.ActiveCfg = Debug|Any CPU
		{67F9D3A8-F71E-4428-913F-C37AE82CDB24}.Debug|Any CPU.Build.0 = Debug|Any CPU
		{67F9D3A8-F71E-4428-913F-C37AE82CDB24}.Debug|ARM.ActiveCfg = Debug|Any CPU
		{67F9D3A8-F71E-4428-913F-C37AE82CDB24}.Debug|ARM.Build.0 = Debug|Any CPU
		{67F9D3A8-F71E-4428-913F-C37AE82CDB24}.Debug|iPhone.ActiveCfg = Debug|Any CPU
		{67F9D3A8-F71E-4428-913F-C37AE82CDB24}.Debug|iPhone.Build.0 = Debug|Any CPU
		{67F9D3A8-F71E-4428-913F-C37AE82CDB24}.Debug|iPhoneSimulator.ActiveCfg = Debug|Any CPU
		{67F9D3A8-F71E-4428-913F-C37AE82CDB24}.Debug|iPhoneSimulator.Build.0 = Debug|Any CPU
		{67F9D3A8-F71E-4428-913F-C37AE82CDB24}.Debug|x64.ActiveCfg = Debug|Any CPU
		{67F9D3A8-F71E-4428-913F-C37AE82CDB24}.Debug|x64.Build.0 = Debug|Any CPU
		{67F9D3A8-F71E-4428-913F-C37AE82CDB24}.Debug|x86.ActiveCfg = Debug|Any CPU
		{67F9D3A8-F71E-4428-913F-C37AE82CDB24}.Debug|x86.Build.0 = Debug|Any CPU
		{67F9D3A8-F71E-4428-913F-C37AE82CDB24}.Release|Any CPU.ActiveCfg = Release|Any CPU
		{67F9D3A8-F71E-4428-913F-C37AE82CDB24}.Release|Any CPU.Build.0 = Release|Any CPU
		{67F9D3A8-F71E-4428-913F-C37AE82CDB24}.Release|ARM.ActiveCfg = Release|Any CPU
		{67F9D3A8-F71E-4428-913F-C37AE82CDB24}.Release|ARM.Build.0 = Release|Any CPU
		{67F9D3A8-F71E-4428-913F-C37AE82CDB24}.Release|iPhone.ActiveCfg = Release|Any CPU
		{67F9D3A8-F71E-4428-913F-C37AE82CDB24}.Release|iPhone.Build.0 = Release|Any CPU
		{67F9D3A8-F71E-4428-913F-C37AE82CDB24}.Release|iPhoneSimulator.ActiveCfg = Release|Any CPU
		{67F9D3A8-F71E-4428-913F-C37AE82CDB24}.Release|iPhoneSimulator.Build.0 = Release|Any CPU
		{67F9D3A8-F71E-4428-913F-C37AE82CDB24}.Release|x64.ActiveCfg = Release|Any CPU
		{67F9D3A8-F71E-4428-913F-C37AE82CDB24}.Release|x64.Build.0 = Release|Any CPU
		{67F9D3A8-F71E-4428-913F-C37AE82CDB24}.Release|x86.ActiveCfg = Release|Any CPU
		{67F9D3A8-F71E-4428-913F-C37AE82CDB24}.Release|x86.Build.0 = Release|Any CPU
	EndGlobalSection
	GlobalSection(SolutionProperties) = preSolution
		HideSolutionNode = FALSE
	EndGlobalSection
EndGlobal
